
Microsoft Visual Studio Solution File, Format Version 12.00
# Visual Studio 15
VisualStudioVersion = 15.0.28307.329
MinimumVisualStudioVersion = 10.0.40219.1
Project("{9092AA53-FB77-4645-B42D-1CCCA6BD08BD}") = "PGPEncryption", "PGPEncryption\PGPEncryption.njsproj", "{D543ABCD-69F5-4435-9DEF-EB7486E9DE13}"
EndProject
Global
	GlobalSection(SolutionConfigurationPlatforms) = preSolution
		Debug|Any CPU = Debug|Any CPU
		Release|Any CPU = Release|Any CPU
	EndGlobalSection
	GlobalSection(ProjectConfigurationPlatforms) = postSolution
		{D543ABCD-69F5-4435-9DEF-EB7486E9DE13}.Debug|Any CPU.ActiveCfg = Debug|Any CPU
		{D543ABCD-69F5-4435-9DEF-EB7486E9DE13}.Debug|Any CPU.Build.0 = Debug|Any CPU
		{D543ABCD-69F5-4435-9DEF-EB7486E9DE13}.Release|Any CPU.ActiveCfg = Release|Any CPU
		{D543ABCD-69F5-4435-9DEF-EB7486E9DE13}.Release|Any CPU.Build.0 = Release|Any CPU
	EndGlobalSection
	GlobalSection(SolutionProperties) = preSolution
		HideSolutionNode = FALSE
	EndGlobalSection
	GlobalSection(ExtensibilityGlobals) = postSolution
		SolutionGuid = {489A8C07-8F62-4F3A-9CC5-75FCE278AF36}
	EndGlobalSection
EndGlobal
